
Microsoft Visual Studio Solution File, Format Version 12.00
# Visual Studio Version 17
VisualStudioVersion = 17.0.31903.59
MinimumVisualStudioVersion = 10.0.40219.1
Project("{2150E333-8FDC-42A3-9474-1A3956D46DE8}") = "src", "src", "{2588A4B7-A1EF-47AD-BB0A-32B53E2F3D9C}"
EndProject
Project("{FAE04EC0-301F-11D3-BF4B-00C04F79EFBC}") = "Navius.Wpf.Primitives", "src\Navius.Wpf.Primitives\Navius.Wpf.Primitives.csproj", "{46751248-585F-4DD4-9819-BDA294263357}"
EndProject
Project("{2150E333-8FDC-42A3-9474-1A3956D46DE8}") = "apps", "apps", "{49B79EF7-E608-4542-9C3A-E95FF743D2DA}"
EndProject
Project("{FAE04EC0-301F-11D3-BF4B-00C04F79EFBC}") = "Navius.Wpf.Gallery", "apps\Navius.Wpf.Gallery\Navius.Wpf.Gallery.csproj", "{427272E0-DDE8-4F85-9D68-5CF5B3D519AA}"
EndProject
Project("{2150E333-8FDC-42A3-9474-1A3956D46DE8}") = "tests", "tests", "{308E0C0B-218D-4C7F-9481-7EEF9D6A1B85}"
EndProject
Project("{FAE04EC0-301F-11D3-BF4B-00C04F79EFBC}") = "Navius.Wpf.Tests", "tests\Navius.Wpf.Tests\Navius.Wpf.Tests.csproj", "{2B3CB301-6E0B-45E7-957C-DF3E21C10FCD}"
EndProject
Project("{FAE04EC0-301F-11D3-BF4B-00C04F79EFBC}") = "Navius.Wpf.E2E", "tests\Navius.Wpf.E2E\Navius.Wpf.E2E.csproj", "{FE6E5C4D-D7F7-457B-B8A9-52AD8DAAD93B}"
EndProject
Project("{FAE04EC0-301F-11D3-BF4B-00C04F79EFBC}") = "Navius.Wpf.Motion", "src\Navius.Wpf.Motion\Navius.Wpf.Motion.csproj", "{17A90964-5AE7-44F6-AC61-A1F5F01858A5}"
EndProject
Project("{FAE04EC0-301F-11D3-BF4B-00C04F79EFBC}") = "Navius.Wpf.Motion.Tests", "tests\Navius.Wpf.Motion.Tests\Navius.Wpf.Motion.Tests.csproj", "{70C18205-CB80-487E-900B-747021C2DC89}"
EndProject
Project("{FAE04EC0-301F-11D3-BF4B-00C04F79EFBC}") = "Navius.Wpf.Ui", "src\Navius.Wpf.Ui\Navius.Wpf.Ui.csproj", "{48A86542-CA9C-4C66-9B59-9B83BA9CB8DE}"
EndProject
Project("{FAE04EC0-301F-11D3-BF4B-00C04F79EFBC}") = "Navius.Wpf.Charts", "src\Navius.Wpf.Charts\Navius.Wpf.Charts.csproj", "{7559B979-9D96-49B6-8252-E73F43CE7212}"
EndProject
Project("{FAE04EC0-301F-11D3-BF4B-00C04F79EFBC}") = "Navius.Wpf.Charts.Tests", "tests\Navius.Wpf.Charts.Tests\Navius.Wpf.Charts.Tests.csproj", "{A466A228-E3D7-46E8-B40D-16D4BD684D09}"
EndProject
Project("{2150E333-8FDC-42A3-9474-1A3956D46DE8}") = "tools", "tools", "{07C2787E-EAC7-C090-1BA3-A61EC2A24D84}"
EndProject
Project("{FAE04EC0-301F-11D3-BF4B-00C04F79EFBC}") = "Navius.Wpf.Cli", "tools\Navius.Wpf.Cli\Navius.Wpf.Cli.csproj", "{21B529BA-2248-4B7D-970B-46A095263F4F}"
EndProject
Project("{FAE04EC0-301F-11D3-BF4B-00C04F79EFBC}") = "Navius.Wpf.Cli.Tests", "tests\Navius.Wpf.Cli.Tests\Navius.Wpf.Cli.Tests.csproj", "{6F97854C-55F4-48DE-8AE1-A816F7354761}"
EndProject
Project("{FAE04EC0-301F-11D3-BF4B-00C04F79EFBC}") = "Navius.Wpf.Captures", "tools\Navius.Wpf.Captures\Navius.Wpf.Captures.csproj", "{9C1D9A9B-3E9C-4B7A-9A9D-2A0B1E7F6C5A}"
EndProject
Global
	GlobalSection(SolutionConfigurationPlatforms) = preSolution
		Debug|Any CPU = Debug|Any CPU
		Debug|x64 = Debug|x64
		Debug|x86 = Debug|x86
		Release|Any CPU = Release|Any CPU
		Release|x64 = Release|x64
		Release|x86 = Release|x86
	EndGlobalSection
	GlobalSection(ProjectConfigurationPlatforms) = postSolution
		{46751248-585F-4DD4-9819-BDA294263357}.Debug|Any CPU.ActiveCfg = Debug|Any CPU
		{46751248-585F-4DD4-9819-BDA294263357}.Debug|Any CPU.Build.0 = Debug|Any CPU
		{46751248-585F-4DD4-9819-BDA294263357}.Debug|x64.ActiveCfg = Debug|Any CPU
		{46751248-585F-4DD4-9819-BDA294263357}.Debug|x64.Build.0 = Debug|Any CPU
		{46751248-585F-4DD4-9819-BDA294263357}.Debug|x86.ActiveCfg = Debug|Any CPU
		{46751248-585F-4DD4-9819-BDA294263357}.Debug|x86.Build.0 = Debug|Any CPU
		{46751248-585F-4DD4-9819-BDA294263357}.Release|Any CPU.ActiveCfg = Release|Any CPU
		{46751248-585F-4DD4-9819-BDA294263357}.Release|Any CPU.Build.0 = Release|Any CPU
		{46751248-585F-4DD4-9819-BDA294263357}.Release|x64.ActiveCfg = Release|Any CPU
		{46751248-585F-4DD4-9819-BDA294263357}.Release|x64.Build.0 = Release|Any CPU
		{46751248-585F-4DD4-9819-BDA294263357}.Release|x86.ActiveCfg = Release|Any CPU
		{46751248-585F-4DD4-9819-BDA294263357}.Release|x86.Build.0 = Release|Any CPU
		{427272E0-DDE8-4F85-9D68-5CF5B3D519AA}.Debug|Any CPU.ActiveCfg = Debug|Any CPU
		{427272E0-DDE8-4F85-9D68-5CF5B3D519AA}.Debug|Any CPU.Build.0 = Debug|Any CPU
		{427272E0-DDE8-4F85-9D68-5CF5B3D519AA}.Debug|x64.ActiveCfg = Debug|Any CPU
		{427272E0-DDE8-4F85-9D68-5CF5B3D519AA}.Debug|x64.Build.0 = Debug|Any CPU
		{427272E0-DDE8-4F85-9D68-5CF5B3D519AA}.Debug|x86.ActiveCfg = Debug|Any CPU
		{427272E0-DDE8-4F85-9D68-5CF5B3D519AA}.Debug|x86.Build.0 = Debug|Any CPU
		{427272E0-DDE8-4F85-9D68-5CF5B3D519AA}.Release|Any CPU.ActiveCfg = Release|Any CPU
		{427272E0-DDE8-4F85-9D68-5CF5B3D519AA}.Release|Any CPU.Build.0 = Release|Any CPU
		{427272E0-DDE8-4F85-9D68-5CF5B3D519AA}.Release|x64.ActiveCfg = Release|Any CPU
		{427272E0-DDE8-4F85-9D68-5CF5B3D519AA}.Release|x64.Build.0 = Release|Any CPU
		{427272E0-DDE8-4F85-9D68-5CF5B3D519AA}.Release|x86.ActiveCfg = Release|Any CPU
		{427272E0-DDE8-4F85-9D68-5CF5B3D519AA}.Release|x86.Build.0 = Release|Any CPU
		{2B3CB301-6E0B-45E7-957C-DF3E21C10FCD}.Debug|Any CPU.ActiveCfg = Debug|Any CPU
		{2B3CB301-6E0B-45E7-957C-DF3E21C10FCD}.Debug|Any CPU.Build.0 = Debug|Any CPU
		{2B3CB301-6E0B-45E7-957C-DF3E21C10FCD}.Debug|x64.ActiveCfg = Debug|Any CPU
		{2B3CB301-6E0B-45E7-957C-DF3E21C10FCD}.Debug|x64.Build.0 = Debug|Any CPU
		{2B3CB301-6E0B-45E7-957C-DF3E21C10FCD}.Debug|x86.ActiveCfg = Debug|Any CPU
		{2B3CB301-6E0B-45E7-957C-DF3E21C10FCD}.Debug|x86.Build.0 = Debug|Any CPU
		{2B3CB301-6E0B-45E7-957C-DF3E21C10FCD}.Release|Any CPU.ActiveCfg = Release|Any CPU
		{2B3CB301-6E0B-45E7-957C-DF3E21C10FCD}.Release|Any CPU.Build.0 = Release|Any CPU
		{2B3CB301-6E0B-45E7-957C-DF3E21C10FCD}.Release|x64.ActiveCfg = Release|Any CPU
		{2B3CB301-6E0B-45E7-957C-DF3E21C10FCD}.Release|x64.Build.0 = Release|Any CPU
		{2B3CB301-6E0B-45E7-957C-DF3E21C10FCD}.Release|x86.ActiveCfg = Release|Any CPU
		{2B3CB301-6E0B-45E7-957C-DF3E21C10FCD}.Release|x86.Build.0 = Release|Any CPU
		{FE6E5C4D-D7F7-457B-B8A9-52AD8DAAD93B}.Debug|Any CPU.ActiveCfg = Debug|Any CPU
		{FE6E5C4D-D7F7-457B-B8A9-52AD8DAAD93B}.Debug|Any CPU.Build.0 = Debug|Any CPU
		{FE6E5C4D-D7F7-457B-B8A9-52AD8DAAD93B}.Debug|x64.ActiveCfg = Debug|Any CPU
		{FE6E5C4D-D7F7-457B-B8A9-52AD8DAAD93B}.Debug|x64.Build.0 = Debug|Any CPU
		{FE6E5C4D-D7F7-457B-B8A9-52AD8DAAD93B}.Debug|x86.ActiveCfg = Debug|Any CPU
		{FE6E5C4D-D7F7-457B-B8A9-52AD8DAAD93B}.Debug|x86.Build.0 = Debug|Any CPU
		{FE6E5C4D-D7F7-457B-B8A9-52AD8DAAD93B}.Release|Any CPU.ActiveCfg = Release|Any CPU
		{FE6E5C4D-D7F7-457B-B8A9-52AD8DAAD93B}.Release|Any CPU.Build.0 = Release|Any CPU
		{FE6E5C4D-D7F7-457B-B8A9-52AD8DAAD93B}.Release|x64.ActiveCfg = Release|Any CPU
		{FE6E5C4D-D7F7-457B-B8A9-52AD8DAAD93B}.Release|x64.Build.0 = Release|Any CPU
		{FE6E5C4D-D7F7-457B-B8A9-52AD8DAAD93B}.Release|x86.ActiveCfg = Release|Any CPU
		{FE6E5C4D-D7F7-457B-B8A9-52AD8DAAD93B}.Release|x86.Build.0 = Release|Any CPU
		{17A90964-5AE7-44F6-AC61-A1F5F01858A5}.Debug|Any CPU.ActiveCfg = Debug|Any CPU
		{17A90964-5AE7-44F6-AC61-A1F5F01858A5}.Debug|Any CPU.Build.0 = Debug|Any CPU
		{17A90964-5AE7-44F6-AC61-A1F5F01858A5}.Debug|x64.ActiveCfg = Debug|Any CPU
		{17A90964-5AE7-44F6-AC61-A1F5F01858A5}.Debug|x64.Build.0 = Debug|Any CPU
		{17A90964-5AE7-44F6-AC61-A1F5F01858A5}.Debug|x86.ActiveCfg = Debug|Any CPU
		{17A90964-5AE7-44F6-AC61-A1F5F01858A5}.Debug|x86.Build.0 = Debug|Any CPU
		{17A90964-5AE7-44F6-AC61-A1F5F01858A5}.Release|Any CPU.ActiveCfg = Release|Any CPU
		{17A90964-5AE7-44F6-AC61-A1F5F01858A5}.Release|Any CPU.Build.0 = Release|Any CPU
		{17A90964-5AE7-44F6-AC61-A1F5F01858A5}.Release|x64.ActiveCfg = Release|Any CPU
		{17A90964-5AE7-44F6-AC61-A1F5F01858A5}.Release|x64.Build.0 = Release|Any CPU
		{17A90964-5AE7-44F6-AC61-A1F5F01858A5}.Release|x86.ActiveCfg = Release|Any CPU
		{17A90964-5AE7-44F6-AC61-A1F5F01858A5}.Release|x86.Build.0 = Release|Any CPU
		{70C18205-CB80-487E-900B-747021C2DC89}.Debug|Any CPU.ActiveCfg = Debug|Any CPU
		{70C18205-CB80-487E-900B-747021C2DC89}.Debug|Any CPU.Build.0 = Debug|Any CPU
		{70C18205-CB80-487E-900B-747021C2DC89}.Debug|x64.ActiveCfg = Debug|Any CPU
		{70C18205-CB80-487E-900B-747021C2DC89}.Debug|x64.Build.0 = Debug|Any CPU
		{70C18205-CB80-487E-900B-747021C2DC89}.Debug|x86.ActiveCfg = Debug|Any CPU
		{70C18205-CB80-487E-900B-747021C2DC89}.Debug|x86.Build.0 = Debug|Any CPU
		{70C18205-CB80-487E-900B-747021C2DC89}.Release|Any CPU.ActiveCfg = Release|Any CPU
		{70C18205-CB80-487E-900B-747021C2DC89}.Release|Any CPU.Build.0 = Release|Any CPU
		{70C18205-CB80-487E-900B-747021C2DC89}.Release|x64.ActiveCfg = Release|Any CPU
		{70C18205-CB80-487E-900B-747021C2DC89}.Release|x64.Build.0 = Release|Any CPU
		{70C18205-CB80-487E-900B-747021C2DC89}.Release|x86.ActiveCfg = Release|Any CPU
		{70C18205-CB80-487E-900B-747021C2DC89}.Release|x86.Build.0 = Release|Any CPU
		{48A86542-CA9C-4C66-9B59-9B83BA9CB8DE}.Debug|Any CPU.ActiveCfg = Debug|Any CPU
		{48A86542-CA9C-4C66-9B59-9B83BA9CB8DE}.Debug|Any CPU.Build.0 = Debug|Any CPU
		{48A86542-CA9C-4C66-9B59-9B83BA9CB8DE}.Debug|x64.ActiveCfg = Debug|Any CPU
		{48A86542-CA9C-4C66-9B59-9B83BA9CB8DE}.Debug|x64.Build.0 = Debug|Any CPU
		{48A86542-CA9C-4C66-9B59-9B83BA9CB8DE}.Debug|x86.ActiveCfg = Debug|Any CPU
		{48A86542-CA9C-4C66-9B59-9B83BA9CB8DE}.Debug|x86.Build.0 = Debug|Any CPU
		{48A86542-CA9C-4C66-9B59-9B83BA9CB8DE}.Release|Any CPU.ActiveCfg = Release|Any CPU
		{48A86542-CA9C-4C66-9B59-9B83BA9CB8DE}.Release|Any CPU.Build.0 = Release|Any CPU
		{48A86542-CA9C-4C66-9B59-9B83BA9CB8DE}.Release|x64.ActiveCfg = Release|Any CPU
		{48A86542-CA9C-4C66-9B59-9B83BA9CB8DE}.Release|x64.Build.0 = Release|Any CPU
		{48A86542-CA9C-4C66-9B59-9B83BA9CB8DE}.Release|x86.ActiveCfg = Release|Any CPU
		{48A86542-CA9C-4C66-9B59-9B83BA9CB8DE}.Release|x86.Build.0 = Release|Any CPU
		{7559B979-9D96-49B6-8252-E73F43CE7212}.Debug|Any CPU.ActiveCfg = Debug|Any CPU
		{7559B979-9D96-49B6-8252-E73F43CE7212}.Debug|Any CPU.Build.0 = Debug|Any CPU
		{7559B979-9D96-49B6-8252-E73F43CE7212}.Debug|x64.ActiveCfg = Debug|Any CPU
		{7559B979-9D96-49B6-8252-E73F43CE7212}.Debug|x64.Build.0 = Debug|Any CPU
		{7559B979-9D96-49B6-8252-E73F43CE7212}.Debug|x86.ActiveCfg = Debug|Any CPU
		{7559B979-9D96-49B6-8252-E73F43CE7212}.Debug|x86.Build.0 = Debug|Any CPU
		{7559B979-9D96-49B6-8252-E73F43CE7212}.Release|Any CPU.ActiveCfg = Release|Any CPU
		{7559B979-9D96-49B6-8252-E73F43CE7212}.Release|Any CPU.Build.0 = Release|Any CPU
		{7559B979-9D96-49B6-8252-E73F43CE7212}.Release|x64.ActiveCfg = Release|Any CPU
		{7559B979-9D96-49B6-8252-E73F43CE7212}.Release|x64.Build.0 = Release|Any CPU
		{7559B979-9D96-49B6-8252-E73F43CE7212}.Release|x86.ActiveCfg = Release|Any CPU
		{7559B979-9D96-49B6-8252-E73F43CE7212}.Release|x86.Build.0 = Release|Any CPU
		{A466A228-E3D7-46E8-B40D-16D4BD684D09}.Debug|Any CPU.ActiveCfg = Debug|Any CPU
		{A466A228-E3D7-46E8-B40D-16D4BD684D09}.Debug|Any CPU.Build.0 = Debug|Any CPU
		{A466A228-E3D7-46E8-B40D-16D4BD684D09}.Debug|x64.ActiveCfg = Debug|Any CPU
		{A466A228-E3D7-46E8-B40D-16D4BD684D09}.Debug|x64.Build.0 = Debug|Any CPU
		{A466A228-E3D7-46E8-B40D-16D4BD684D09}.Debug|x86.ActiveCfg = Debug|Any CPU
		{A466A228-E3D7-46E8-B40D-16D4BD684D09}.Debug|x86.Build.0 = Debug|Any CPU
		{A466A228-E3D7-46E8-B40D-16D4BD684D09}.Release|Any CPU.ActiveCfg = Release|Any CPU
		{A466A228-E3D7-46E8-B40D-16D4BD684D09}.Release|Any CPU.Build.0 = Release|Any CPU
		{A466A228-E3D7-46E8-B40D-16D4BD684D09}.Release|x64.ActiveCfg = Release|Any CPU
		{A466A228-E3D7-46E8-B40D-16D4BD684D09}.Release|x64.Build.0 = Release|Any CPU
		{A466A228-E3D7-46E8-B40D-16D4BD684D09}.Release|x86.ActiveCfg = Release|Any CPU
		{A466A228-E3D7-46E8-B40D-16D4BD684D09}.Release|x86.Build.0 = Release|Any CPU
		{21B529BA-2248-4B7D-970B-46A095263F4F}.Debug|Any CPU.ActiveCfg = Debug|Any CPU
		{21B529BA-2248-4B7D-970B-46A095263F4F}.Debug|Any CPU.Build.0 = Debug|Any CPU
		{21B529BA-2248-4B7D-970B-46A095263F4F}.Debug|x64.ActiveCfg = Debug|Any CPU
		{21B529BA-2248-4B7D-970B-46A095263F4F}.Debug|x64.Build.0 = Debug|Any CPU
		{21B529BA-2248-4B7D-970B-46A095263F4F}.Debug|x86.ActiveCfg = Debug|Any CPU
		{21B529BA-2248-4B7D-970B-46A095263F4F}.Debug|x86.Build.0 = Debug|Any CPU
		{21B529BA-2248-4B7D-970B-46A095263F4F}.Release|Any CPU.ActiveCfg = Release|Any CPU
		{21B529BA-2248-4B7D-970B-46A095263F4F}.Release|Any CPU.Build.0 = Release|Any CPU
		{21B529BA-2248-4B7D-970B-46A095263F4F}.Release|x64.ActiveCfg = Release|Any CPU
		{21B529BA-2248-4B7D-970B-46A095263F4F}.Release|x64.Build.0 = Release|Any CPU
		{21B529BA-2248-4B7D-970B-46A095263F4F}.Release|x86.ActiveCfg = Release|Any CPU
		{21B529BA-2248-4B7D-970B-46A095263F4F}.Release|x86.Build.0 = Release|Any CPU
		{6F97854C-55F4-48DE-8AE1-A816F7354761}.Debug|Any CPU.ActiveCfg = Debug|Any CPU
		{6F97854C-55F4-48DE-8AE1-A816F7354761}.Debug|Any CPU.Build.0 = Debug|Any CPU
		{6F97854C-55F4-48DE-8AE1-A816F7354761}.Debug|x64.ActiveCfg = Debug|Any CPU
		{6F97854C-55F4-48DE-8AE1-A816F7354761}.Debug|x64.Build.0 = Debug|Any CPU
		{6F97854C-55F4-48DE-8AE1-A816F7354761}.Debug|x86.ActiveCfg = Debug|Any CPU
		{6F97854C-55F4-48DE-8AE1-A816F7354761}.Debug|x86.Build.0 = Debug|Any CPU
		{6F97854C-55F4-48DE-8AE1-A816F7354761}.Release|Any CPU.ActiveCfg = Release|Any CPU
		{6F97854C-55F4-48DE-8AE1-A816F7354761}.Release|Any CPU.Build.0 = Release|Any CPU
		{6F97854C-55F4-48DE-8AE1-A816F7354761}.Release|x64.ActiveCfg = Release|Any CPU
		{6F97854C-55F4-48DE-8AE1-A816F7354761}.Release|x64.Build.0 = Release|Any CPU
		{6F97854C-55F4-48DE-8AE1-A816F7354761}.Release|x86.ActiveCfg = Release|Any CPU
		{6F97854C-55F4-48DE-8AE1-A816F7354761}.Release|x86.Build.0 = Release|Any CPU
		{9C1D9A9B-3E9C-4B7A-9A9D-2A0B1E7F6C5A}.Debug|Any CPU.ActiveCfg = Debug|Any CPU
		{9C1D9A9B-3E9C-4B7A-9A9D-2A0B1E7F6C5A}.Debug|Any CPU.Build.0 = Debug|Any CPU
		{9C1D9A9B-3E9C-4B7A-9A9D-2A0B1E7F6C5A}.Debug|x64.ActiveCfg = Debug|Any CPU
		{9C1D9A9B-3E9C-4B7A-9A9D-2A0B1E7F6C5A}.Debug|x64.Build.0 = Debug|Any CPU
		{9C1D9A9B-3E9C-4B7A-9A9D-2A0B1E7F6C5A}.Debug|x86.ActiveCfg = Debug|Any CPU
		{9C1D9A9B-3E9C-4B7A-9A9D-2A0B1E7F6C5A}.Debug|x86.Build.0 = Debug|Any CPU
		{9C1D9A9B-3E9C-4B7A-9A9D-2A0B1E7F6C5A}.Release|Any CPU.ActiveCfg = Release|Any CPU
		{9C1D9A9B-3E9C-4B7A-9A9D-2A0B1E7F6C5A}.Release|Any CPU.Build.0 = Release|Any CPU
		{9C1D9A9B-3E9C-4B7A-9A9D-2A0B1E7F6C5A}.Release|x64.ActiveCfg = Release|Any CPU
		{9C1D9A9B-3E9C-4B7A-9A9D-2A0B1E7F6C5A}.Release|x64.Build.0 = Release|Any CPU
		{9C1D9A9B-3E9C-4B7A-9A9D-2A0B1E7F6C5A}.Release|x86.ActiveCfg = Release|Any CPU
		{9C1D9A9B-3E9C-4B7A-9A9D-2A0B1E7F6C5A}.Release|x86.Build.0 = Release|Any CPU
	EndGlobalSection
	GlobalSection(SolutionProperties) = preSolution
		HideSolutionNode = FALSE
	EndGlobalSection
	GlobalSection(NestedProjects) = preSolution
		{46751248-585F-4DD4-9819-BDA294263357} = {2588A4B7-A1EF-47AD-BB0A-32B53E2F3D9C}
		{427272E0-DDE8-4F85-9D68-5CF5B3D519AA} = {49B79EF7-E608-4542-9C3A-E95FF743D2DA}
		{2B3CB301-6E0B-45E7-957C-DF3E21C10FCD} = {308E0C0B-218D-4C7F-9481-7EEF9D6A1B85}
		{FE6E5C4D-D7F7-457B-B8A9-52AD8DAAD93B} = {308E0C0B-218D-4C7F-9481-7EEF9D6A1B85}
		{17A90964-5AE7-44F6-AC61-A1F5F01858A5} = {2588A4B7-A1EF-47AD-BB0A-32B53E2F3D9C}
		{70C18205-CB80-487E-900B-747021C2DC89} = {308E0C0B-218D-4C7F-9481-7EEF9D6A1B85}
		{48A86542-CA9C-4C66-9B59-9B83BA9CB8DE} = {2588A4B7-A1EF-47AD-BB0A-32B53E2F3D9C}
		{7559B979-9D96-49B6-8252-E73F43CE7212} = {2588A4B7-A1EF-47AD-BB0A-32B53E2F3D9C}
		{A466A228-E3D7-46E8-B40D-16D4BD684D09} = {308E0C0B-218D-4C7F-9481-7EEF9D6A1B85}
		{21B529BA-2248-4B7D-970B-46A095263F4F} = {07C2787E-EAC7-C090-1BA3-A61EC2A24D84}
		{6F97854C-55F4-48DE-8AE1-A816F7354761} = {308E0C0B-218D-4C7F-9481-7EEF9D6A1B85}
		{9C1D9A9B-3E9C-4B7A-9A9D-2A0B1E7F6C5A} = {07C2787E-EAC7-C090-1BA3-A61EC2A24D84}
	EndGlobalSection
EndGlobal
